
Microsoft Visual Studio Solution File, Format Version 12.00
# Visual Studio 15
VisualStudioVersion = 15.0.28010.2026
MinimumVisualStudioVersion = 10.0.40219.1
Project("{FAE04EC0-301F-11D3-BF4B-00C04F79EFBC}") = "Abstraction", "Abstraction\Abstraction.csproj", "{219B7E11-51CE-486E-BF19-A949788396B1}"
EndProject
Global
	GlobalSection(SolutionConfigurationPlatforms) = preSolution
		Debug|Any CPU = Debug|Any CPU
		Release|Any CPU = Release|Any CPU
	EndGlobalSection
	GlobalSection(ProjectConfigurationPlatforms) = postSolution
		{219B7E11-51CE-486E-BF19-A949788396B1}.Debug|Any CPU.ActiveCfg = Debug|Any CPU
		{219B7E11-51CE-486E-BF19-A949788396B1}.Debug|Any CPU.Build.0 = Debug|Any CPU
		{219B7E11-51CE-486E-BF19-A949788396B1}.Release|Any CPU.ActiveCfg = Release|Any CPU
		{219B7E11-51CE-486E-BF19-A949788396B1}.Release|Any CPU.Build.0 = Release|Any CPU
	EndGlobalSection
	GlobalSection(SolutionProperties) = preSolution
		HideSolutionNode = FALSE
	EndGlobalSection
	GlobalSection(ExtensibilityGlobals) = postSolution
		SolutionGuid = {E5AC8A4B-319A-476A-B8AC-72229E4B56FE}
	EndGlobalSection
EndGlobal
